<Solution>
  <Project Path="src/TofuPilot.Abstractions/TofuPilot.Abstractions.csproj" />
  <Project Path="src/TofuPilot/TofuPilot.csproj" />
  <Project Path="src/TofuPilot.V1/TofuPilot.V1.csproj" />
  <Project Path="tests/TofuPilot.Tests/TofuPilot.Tests.csproj" />
  <Project Path="tests/TofuPilot.IntegrationTests/TofuPilot.IntegrationTests.csproj" />
</Solution>
